
Microsoft Visual Studio Solution File, Format Version 12.00
# Visual Studio 15
VisualStudioVersion = 15.0.27130.2010
MinimumVisualStudioVersion = 10.0.40219.1
Project("{2150E333-8FDC-42A3-9474-1A3956D46DE8}") = ".nuget", ".nuget", "{B03D1336-1DA2-4623-B408-85A89C840A77}"
EndProject
Project("{9A19103F-16F7-4668-BE54-9A1E7A4F7556}") = "ChatterToolkitForNET", "ChatterToolkitForNET\ChatterToolkitForNET.csproj", "{04C05586-8529-48F5-B061-C015A4963512}"
EndProject
Project("{9A19103F-16F7-4668-BE54-9A1E7A4F7556}") = "CommonLibrariesForNET", "CommonLibrariesForNET\CommonLibrariesForNET.csproj", "{4BC6D99C-FC70-497C-82F3-45E2E5B55CCB}"
EndProject
Project("{9A19103F-16F7-4668-BE54-9A1E7A4F7556}") = "ForceToolkitForNET", "ForceToolkitForNET\ForceToolkitForNET.csproj", "{E8BFBD91-62D2-479B-BFAF-DE209A808A29}"
EndProject
Global
	GlobalSection(SolutionConfigurationPlatforms) = preSolution
		Debug|Any CPU = Debug|Any CPU
		Debug|ARM = Debug|ARM
		Debug|x64 = Debug|x64
		Debug|x86 = Debug|x86
		Release|Any CPU = Release|Any CPU
		Release|ARM = Release|ARM
		Release|x64 = Release|x64
		Release|x86 = Release|x86
	EndGlobalSection
	GlobalSection(ProjectConfigurationPlatforms) = postSolution
		{04C05586-8529-48F5-B061-C015A4963512}.Debug|Any CPU.ActiveCfg = Debug|Any CPU
		{04C05586-8529-48F5-B061-C015A4963512}.Debug|Any CPU.Build.0 = Debug|Any CPU
		{04C05586-8529-48F5-B061-C015A4963512}.Debug|ARM.ActiveCfg = Debug|Any CPU
		{04C05586-8529-48F5-B061-C015A4963512}.Debug|ARM.Build.0 = Debug|Any CPU
		{04C05586-8529-48F5-B061-C015A4963512}.Debug|x64.ActiveCfg = Debug|Any CPU
		{04C05586-8529-48F5-B061-C015A4963512}.Debug|x64.Build.0 = Debug|Any CPU
		{04C05586-8529-48F5-B061-C015A4963512}.Debug|x86.ActiveCfg = Debug|Any CPU
		{04C05586-8529-48F5-B061-C015A4963512}.Debug|x86.Build.0 = Debug|Any CPU
		{04C05586-8529-48F5-B061-C015A4963512}.Release|Any CPU.ActiveCfg = Release|Any CPU
		{04C05586-8529-48F5-B061-C015A4963512}.Release|Any CPU.Build.0 = Release|Any CPU
		{04C05586-8529-48F5-B061-C015A4963512}.Release|ARM.ActiveCfg = Release|Any CPU
		{04C05586-8529-48F5-B061-C015A4963512}.Release|ARM.Build.0 = Release|Any CPU
		{04C05586-8529-48F5-B061-C015A4963512}.Release|x64.ActiveCfg = Release|Any CPU
		{04C05586-8529-48F5-B061-C015A4963512}.Release|x64.Build.0 = Release|Any CPU
		{04C05586-8529-48F5-B061-C015A4963512}.Release|x86.ActiveCfg = Release|Any CPU
		{04C05586-8529-48F5-B061-C015A4963512}.Release|x86.Build.0 = Release|Any CPU
		{4BC6D99C-FC70-497C-82F3-45E2E5B55CCB}.Debug|Any CPU.ActiveCfg = Debug|Any CPU
		{4BC6D99C-FC70-497C-82F3-45E2E5B55CCB}.Debug|Any CPU.Build.0 = Debug|Any CPU
		{4BC6D99C-FC70-497C-82F3-45E2E5B55CCB}.Debug|ARM.ActiveCfg = Debug|Any CPU
		{4BC6D99C-FC70-497C-82F3-45E2E5B55CCB}.Debug|ARM.Build.0 = Debug|Any CPU
		{4BC6D99C-FC70-497C-82F3-45E2E5B55CCB}.Debug|x64.ActiveCfg = Debug|Any CPU
		{4BC6D99C-FC70-497C-82F3-45E2E5B55CCB}.Debug|x64.Build.0 = Debug|Any CPU
		{4BC6D99C-FC70-497C-82F3-45E2E5B55CCB}.Debug|x86.ActiveCfg = Debug|Any CPU
		{4BC6D99C-FC70-497C-82F3-45E2E5B55CCB}.Debug|x86.Build.0 = Debug|Any CPU
		{4BC6D99C-FC70-497C-82F3-45E2E5B55CCB}.Release|Any CPU.ActiveCfg = Release|Any CPU
		{4BC6D99C-FC70-497C-82F3-45E2E5B55CCB}.Release|Any CPU.Build.0 = Release|Any CPU
		{4BC6D99C-FC70-497C-82F3-45E2E5B55CCB}.Release|ARM.ActiveCfg = Release|Any CPU
		{4BC6D99C-FC70-497C-82F3-45E2E5B55CCB}.Release|ARM.Build.0 = Release|Any CPU
		{4BC6D99C-FC70-497C-82F3-45E2E5B55CCB}.Release|x64.ActiveCfg = Release|Any CPU
		{4BC6D99C-FC70-497C-82F3-45E2E5B55CCB}.Release|x64.Build.0 = Release|Any CPU
		{4BC6D99C-FC70-497C-82F3-45E2E5B55CCB}.Release|x86.ActiveCfg = Release|Any CPU
		{4BC6D99C-FC70-497C-82F3-45E2E5B55CCB}.Release|x86.Build.0 = Release|Any CPU
		{E8BFBD91-62D2-479B-BFAF-DE209A808A29}.Debug|Any CPU.ActiveCfg = Debug|Any CPU
		{E8BFBD91-62D2-479B-BFAF-DE209A808A29}.Debug|Any CPU.Build.0 = Debug|Any CPU
		{E8BFBD91-62D2-479B-BFAF-DE209A808A29}.Debug|ARM.ActiveCfg = Debug|Any CPU
		{E8BFBD91-62D2-479B-BFAF-DE209A808A29}.Debug|ARM.Build.0 = Debug|Any CPU
		{E8BFBD91-62D2-479B-BFAF-DE209A808A29}.Debug|x64.ActiveCfg = Debug|Any CPU
		{E8BFBD91-62D2-479B-BFAF-DE209A808A29}.Debug|x64.Build.0 = Debug|Any CPU
		{E8BFBD91-62D2-479B-BFAF-DE209A808A29}.Debug|x86.ActiveCfg = Debug|Any CPU
		{E8BFBD91-62D2-479B-BFAF-DE209A808A29}.Debug|x86.Build.0 = Debug|Any CPU
		{E8BFBD91-62D2-479B-BFAF-DE209A808A29}.Release|Any CPU.ActiveCfg = Release|Any CPU
		{E8BFBD91-62D2-479B-BFAF-DE209A808A29}.Release|Any CPU.Build.0 = Release|Any CPU
		{E8BFBD91-62D2-479B-BFAF-DE209A808A29}.Release|ARM.ActiveCfg = Release|Any CPU
		{E8BFBD91-62D2-479B-BFAF-DE209A808A29}.Release|ARM.Build.0 = Release|Any CPU
		{E8BFBD91-62D2-479B-BFAF-DE209A808A29}.Release|x64.ActiveCfg = Release|Any CPU
		{E8BFBD91-62D2-479B-BFAF-DE209A808A29}.Release|x64.Build.0 = Release|Any CPU
		{E8BFBD91-62D2-479B-BFAF-DE209A808A29}.Release|x86.ActiveCfg = Release|Any CPU
		{E8BFBD91-62D2-479B-BFAF-DE209A808A29}.Release|x86.Build.0 = Release|Any CPU
	EndGlobalSection
	GlobalSection(SolutionProperties) = preSolution
		HideSolutionNode = FALSE
	EndGlobalSection
	GlobalSection(ExtensibilityGlobals) = postSolution
		SolutionGuid = {48D53A02-6463-45A3-A215-08CC7E03DA22}
	EndGlobalSection
EndGlobal
